
Microsoft Visual Studio Solution File, Format Version 12.00
# Visual Studio Version 17
VisualStudioVersion = 17.8.34316.72
MinimumVisualStudioVersion = 10.0.40219.1
Project("{FAE04EC0-301F-11D3-BF4B-00C04F79EFBC}") = "BlogApp", "BlogApp\BlogApp.csproj", "{842D374D-E588-4B1D-80E4-8A1ED48330B9}"
EndProject
Project("{FAE04EC0-301F-11D3-BF4B-00C04F79EFBC}") = "BUSINESS", "BUSINESS\BUSINESS.csproj", "{1D23AE23-551B-4743-9AEE-26FB7C1EE4F4}"
EndProject
Project("{FAE04EC0-301F-11D3-BF4B-00C04F79EFBC}") = "DAL", "DAL\DAL.csproj", "{4812A969-69B6-4E53-9D6E-241269973B74}"
EndProject
Project("{FAE04EC0-301F-11D3-BF4B-00C04F79EFBC}") = "DATA", "DATA\DATA.csproj", "{9CD3AD61-1D70-49FD-91A1-7E2425A91B4B}"
EndProject
Global
	GlobalSection(SolutionConfigurationPlatforms) = preSolution
		Debug|Any CPU = Debug|Any CPU
		Release|Any CPU = Release|Any CPU
	EndGlobalSection
	GlobalSection(ProjectConfigurationPlatforms) = postSolution
		{842D374D-E588-4B1D-80E4-8A1ED48330B9}.Debug|Any CPU.ActiveCfg = Debug|Any CPU
		{842D374D-E588-4B1D-80E4-8A1ED48330B9}.Debug|Any CPU.Build.0 = Debug|Any CPU
		{842D374D-E588-4B1D-80E4-8A1ED48330B9}.Release|Any CPU.ActiveCfg = Release|Any CPU
		{842D374D-E588-4B1D-80E4-8A1ED48330B9}.Release|Any CPU.Build.0 = Release|Any CPU
		{1D23AE23-551B-4743-9AEE-26FB7C1EE4F4}.Debug|Any CPU.ActiveCfg = Debug|Any CPU
		{1D23AE23-551B-4743-9AEE-26FB7C1EE4F4}.Debug|Any CPU.Build.0 = Debug|Any CPU
		{1D23AE23-551B-4743-9AEE-26FB7C1EE4F4}.Release|Any CPU.ActiveCfg = Release|Any CPU
		{1D23AE23-551B-4743-9AEE-26FB7C1EE4F4}.Release|Any CPU.Build.0 = Release|Any CPU
		{4812A969-69B6-4E53-9D6E-241269973B74}.Debug|Any CPU.ActiveCfg = Debug|Any CPU
		{4812A969-69B6-4E53-9D6E-241269973B74}.Debug|Any CPU.Build.0 = Debug|Any CPU
		{4812A969-69B6-4E53-9D6E-241269973B74}.Release|Any CPU.ActiveCfg = Release|Any CPU
		{4812A969-69B6-4E53-9D6E-241269973B74}.Release|Any CPU.Build.0 = Release|Any CPU
		{9CD3AD61-1D70-49FD-91A1-7E2425A91B4B}.Debug|Any CPU.ActiveCfg = Debug|Any CPU
		{9CD3AD61-1D70-49FD-91A1-7E2425A91B4B}.Debug|Any CPU.Build.0 = Debug|Any CPU
		{9CD3AD61-1D70-49FD-91A1-7E2425A91B4B}.Release|Any CPU.ActiveCfg = Release|Any CPU
		{9CD3AD61-1D70-49FD-91A1-7E2425A91B4B}.Release|Any CPU.Build.0 = Release|Any CPU
	EndGlobalSection
	GlobalSection(SolutionProperties) = preSolution
		HideSolutionNode = FALSE
	EndGlobalSection
	GlobalSection(ExtensibilityGlobals) = postSolution
		SolutionGuid = {91333992-ACA8-4477-9D4D-73B99029B89F}
	EndGlobalSection
EndGlobal
